
Microsoft Visual Studio Solution File, Format Version 12.00
# Visual Studio Version 16
VisualStudioVersion = 16.0.31321.278
MinimumVisualStudioVersion = 10.0.40219.1
Project("{9A19103F-16F7-4668-BE54-9A1E7A4F7556}") = "dotnetserver", "dotnetserver.csproj", "{731B81C3-FCFB-4E47-A649-EF430051D5A9}"
EndProject
Global
	GlobalSection(SolutionConfigurationPlatforms) = preSolution
		Debug|Any CPU = Debug|Any CPU
		Release|Any CPU = Release|Any CPU
	EndGlobalSection
	GlobalSection(ProjectConfigurationPlatforms) = postSolution
		{731B81C3-FCFB-4E47-A649-EF430051D5A9}.Debug|Any CPU.ActiveCfg = Debug|Any CPU
		{731B81C3-FCFB-4E47-A649-EF430051D5A9}.Debug|Any CPU.Build.0 = Debug|Any CPU
		{731B81C3-FCFB-4E47-A649-EF430051D5A9}.Release|Any CPU.ActiveCfg = Release|Any CPU
		{731B81C3-FCFB-4E47-A649-EF430051D5A9}.Release|Any CPU.Build.0 = Release|Any CPU
	EndGlobalSection
	GlobalSection(SolutionProperties) = preSolution
		HideSolutionNode = FALSE
	EndGlobalSection
	GlobalSection(ExtensibilityGlobals) = postSolution
		SolutionGuid = {3B4B9B47-8380-498A-A5F5-B82A2E3B398B}
	EndGlobalSection
EndGlobal
